
Microsoft Visual Studio Solution File, Format Version 12.00
# Visual Studio Version 16
VisualStudioVersion = 16.0.29209.62
MinimumVisualStudioVersion = 10.0.40219.1
Project("{FAE04EC0-301F-11D3-BF4B-00C04F79EFBC}") = "Client", "Client_Server\Client.csproj", "{79659379-51FE-464F-9D34-AC570973B67B}"
EndProject
Project("{FAE04EC0-301F-11D3-BF4B-00C04F79EFBC}") = "Server", "Server\Server.csproj", "{72B99847-85DE-497F-AFFB-199DA5C75E11}"
EndProject
Global
	GlobalSection(SolutionConfigurationPlatforms) = preSolution
		Debug|Any CPU = Debug|Any CPU
		Release|Any CPU = Release|Any CPU
	EndGlobalSection
	GlobalSection(ProjectConfigurationPlatforms) = postSolution
		{79659379-51FE-464F-9D34-AC570973B67B}.Debug|Any CPU.ActiveCfg = Debug|Any CPU
		{79659379-51FE-464F-9D34-AC570973B67B}.Debug|Any CPU.Build.0 = Debug|Any CPU
		{79659379-51FE-464F-9D34-AC570973B67B}.Release|Any CPU.ActiveCfg = Release|Any CPU
		{79659379-51FE-464F-9D34-AC570973B67B}.Release|Any CPU.Build.0 = Release|Any CPU
		{72B99847-85DE-497F-AFFB-199DA5C75E11}.Debug|Any CPU.ActiveCfg = Debug|Any CPU
		{72B99847-85DE-497F-AFFB-199DA5C75E11}.Debug|Any CPU.Build.0 = Debug|Any CPU
		{72B99847-85DE-497F-AFFB-199DA5C75E11}.Release|Any CPU.ActiveCfg = Release|Any CPU
		{72B99847-85DE-497F-AFFB-199DA5C75E11}.Release|Any CPU.Build.0 = Release|Any CPU
	EndGlobalSection
	GlobalSection(SolutionProperties) = preSolution
		HideSolutionNode = FALSE
	EndGlobalSection
	GlobalSection(ExtensibilityGlobals) = postSolution
		SolutionGuid = {DEE53AF6-017B-41EE-A3C7-FA1F27FC1BA4}
	EndGlobalSection
EndGlobal
